
Microsoft Visual Studio Solution File, Format Version 12.00
# Visual Studio Version 17
VisualStudioVersion = 17.7.34202.233
MinimumVisualStudioVersion = 10.0.40219.1
Project("{FAE04EC0-301F-11D3-BF4B-00C04F79EFBC}") = "OOPOrnek", "OOPOrnek\OOPOrnek.csproj", "{7FE2D6E8-8FEC-4934-B9B6-8FC78FC47737}"
EndProject
Global
	GlobalSection(SolutionConfigurationPlatforms) = preSolution
		Debug|Any CPU = Debug|Any CPU
		Release|Any CPU = Release|Any CPU
	EndGlobalSection
	GlobalSection(ProjectConfigurationPlatforms) = postSolution
		{7FE2D6E8-8FEC-4934-B9B6-8FC78FC47737}.Debug|Any CPU.ActiveCfg = Debug|Any CPU
		{7FE2D6E8-8FEC-4934-B9B6-8FC78FC47737}.Debug|Any CPU.Build.0 = Debug|Any CPU
		{7FE2D6E8-8FEC-4934-B9B6-8FC78FC47737}.Release|Any CPU.ActiveCfg = Release|Any CPU
		{7FE2D6E8-8FEC-4934-B9B6-8FC78FC47737}.Release|Any CPU.Build.0 = Release|Any CPU
	EndGlobalSection
	GlobalSection(SolutionProperties) = preSolution
		HideSolutionNode = FALSE
	EndGlobalSection
	GlobalSection(ExtensibilityGlobals) = postSolution
		SolutionGuid = {FA8A9B56-FA51-42BE-B502-2DBD71DCDE67}
	EndGlobalSection
EndGlobal
